
Microsoft Visual Studio Solution File, Format Version 12.00
# Visual Studio Version 16
VisualStudioVersion = 16.0.30804.86
MinimumVisualStudioVersion = 10.0.40219.1
Project("{FAE04EC0-301F-11D3-BF4B-00C04F79EFBC}") = "Cryptography", "src\Cryptography\Cryptography.csproj", "{C04CC89F-3C13-44A9-B8D8-02AC04C917C7}"
EndProject
Global
	GlobalSection(SolutionConfigurationPlatforms) = preSolution
		Debug|Any CPU = Debug|Any CPU
		Release|Any CPU = Release|Any CPU
	EndGlobalSection
	GlobalSection(ProjectConfigurationPlatforms) = postSolution
		{C04CC89F-3C13-44A9-B8D8-02AC04C917C7}.Debug|Any CPU.ActiveCfg = Debug|Any CPU
		{C04CC89F-3C13-44A9-B8D8-02AC04C917C7}.Debug|Any CPU.Build.0 = Debug|Any CPU
		{C04CC89F-3C13-44A9-B8D8-02AC04C917C7}.Release|Any CPU.ActiveCfg = Release|Any CPU
		{C04CC89F-3C13-44A9-B8D8-02AC04C917C7}.Release|Any CPU.Build.0 = Release|Any CPU
	EndGlobalSection
	GlobalSection(SolutionProperties) = preSolution
		HideSolutionNode = FALSE
	EndGlobalSection
	GlobalSection(ExtensibilityGlobals) = postSolution
		SolutionGuid = {D532E60E-7686-4C3D-B5CE-58115A286F33}
	EndGlobalSection
EndGlobal
